
Microsoft Visual Studio Solution File, Format Version 12.00
# Visual Studio Version 17
VisualStudioVersion = 17.3.32804.467
MinimumVisualStudioVersion = 10.0.40219.1
Project("{FAE04EC0-301F-11D3-BF4B-00C04F79EFBC}") = "Test", "Test\Test.csproj", "{0243F708-8C40-415E-9E37-CC3AF039FFCA}"
EndProject
Project("{FAE04EC0-301F-11D3-BF4B-00C04F79EFBC}") = "Test.Infrastructure", "Test.Infrastructure\Test.Infrastructure.csproj", "{5A89BFF5-CBD4-42D6-9B10-110BDFAB467A}"
EndProject
Project("{FAE04EC0-301F-11D3-BF4B-00C04F79EFBC}") = "Test.Application", "Test.Application\Test.Application.csproj", "{6BC1CFD3-267F-4B8F-AA5C-CA684128F787}"
EndProject
Global
	GlobalSection(SolutionConfigurationPlatforms) = preSolution
		Debug|Any CPU = Debug|Any CPU
		Release|Any CPU = Release|Any CPU
	EndGlobalSection
	GlobalSection(ProjectConfigurationPlatforms) = postSolution
		{0243F708-8C40-415E-9E37-CC3AF039FFCA}.Debug|Any CPU.ActiveCfg = Debug|Any CPU
		{0243F708-8C40-415E-9E37-CC3AF039FFCA}.Debug|Any CPU.Build.0 = Debug|Any CPU
		{0243F708-8C40-415E-9E37-CC3AF039FFCA}.Release|Any CPU.ActiveCfg = Release|Any CPU
		{0243F708-8C40-415E-9E37-CC3AF039FFCA}.Release|Any CPU.Build.0 = Release|Any CPU
		{5A89BFF5-CBD4-42D6-9B10-110BDFAB467A}.Debug|Any CPU.ActiveCfg = Debug|Any CPU
		{5A89BFF5-CBD4-42D6-9B10-110BDFAB467A}.Debug|Any CPU.Build.0 = Debug|Any CPU
		{5A89BFF5-CBD4-42D6-9B10-110BDFAB467A}.Release|Any CPU.ActiveCfg = Release|Any CPU
		{5A89BFF5-CBD4-42D6-9B10-110BDFAB467A}.Release|Any CPU.Build.0 = Release|Any CPU
		{6BC1CFD3-267F-4B8F-AA5C-CA684128F787}.Debug|Any CPU.ActiveCfg = Debug|Any CPU
		{6BC1CFD3-267F-4B8F-AA5C-CA684128F787}.Debug|Any CPU.Build.0 = Debug|Any CPU
		{6BC1CFD3-267F-4B8F-AA5C-CA684128F787}.Release|Any CPU.ActiveCfg = Release|Any CPU
		{6BC1CFD3-267F-4B8F-AA5C-CA684128F787}.Release|Any CPU.Build.0 = Release|Any CPU
	EndGlobalSection
	GlobalSection(SolutionProperties) = preSolution
		HideSolutionNode = FALSE
	EndGlobalSection
	GlobalSection(ExtensibilityGlobals) = postSolution
		SolutionGuid = {6F9F7758-17B7-4209-800A-5887563C5A6D}
	EndGlobalSection
EndGlobal
